// !$*UTF8*$!
{
	archiveVersion = 1;
	classes = {
	};
	objectVersion = 48;
	objects = {

/* Begin PBXBuildFile section */
		75CFFEAC1FB18C18000AABBE /* AppDelegate.swift in Sources */ = {isa = PBXBuildFile; fileRef = 75CFFEAB1FB18C18000AABBE /* AppDelegate.swift */; };
		75CFFEAE1FB18C18000AABBE /* ViewController.swift in Sources */ = {isa = PBXBuildFile; fileRef = 75CFFEAD1FB18C18000AABBE /* ViewController.swift */; };
		75CFFEB11FB18C18000AABBE /* Main.storyboard in Resources */ = {isa = PBXBuildFile; fileRef = 75CFFEAF1FB18C18000AABBE /* Main.storyboard */; };
		75CFFEB31FB18C18000AABBE /* Assets.xcassets in Resources */ = {isa = PBXBuildFile; fileRef = 75CFFEB21FB18C18000AABBE /* Assets.xcassets */; };
		75CFFEB61FB18C18000AABBE /* LaunchScreen.storyboard in Resources */ = {isa = PBXBuildFile; fileRef = 75CFFEB41FB18C18000AABBE /* LaunchScreen.storyboard */; };
/* End PBXBuildFile section */

/* Begin PBXFileReference section */
		75CFFEA81FB18C18000AABBE /* Unit converter.app */ = {isa = PBXFileReference; explicitFileType = wrapper.application; includeInIndex = 0; path = "Unit converter.app"; sourceTree = BUILT_PRODUCTS_DIR; };
		75CFFEAB1FB18C18000AABBE /* AppDelegate.swift */ = {isa = PBXFileReference; lastKnownFileType = sourcecode.swift; path = AppDelegate.swift; sourceTree = "<group>"; };
		75CFFEAD1FB18C18000AABBE /* ViewController.swift */ = {isa = PBXFileReference; lastKnownFileType = sourcecode.swift; path = ViewController.swift; sourceTree = "<group>"; };
		75CFFEB01FB18C18000AABBE /* Base */ = {isa = PBXFileReference; lastKnownFileType = file.storyboard; name = Base; path = Base.lproj/Main.storyboard; sourceTree = "<group>"; };
		75CFFEB21FB18C18000AABBE /* Assets.xcassets */ = {isa = PBXFileReference; lastKnownFileType = folder.assetcatalog; path = Assets.xcassets; sourceTree = "<group>"; };
		75CFFEB51FB18C18000AABBE /* Base */ = {isa = PBXFileReference; lastKnownFileType = file.storyboard; name = Base; path = Base.lproj/LaunchScreen.storyboard; sourceTree = "<group>"; };
		75CFFEB71FB18C18000AABBE /* Info.plist */ = {isa = PBXFileReference; lastKnownFileType = text.plist.xml; path = Info.plist; sourceTree = "<group>"; };
/* End PBXFileReference section */

/* Begin PBXFrameworksBuildPhase section */
		75CFFEA51FB18C18000AABBE /* Frameworks */ = {
			isa = PBXFrameworksBuildPhase;
			buildActionMask = 2147483647;
			files = (
			);
			runOnlyForDeploymentPostprocessing = 0;
		};
/* End PBXFrameworksBuildPhase section */

/* Begin PBXGroup section */
		75CFFE9F1FB18C18000AABBE = {
			isa = PBXGroup;
			children = (
				75CFFEAA1FB18C18000AABBE /* Unit converter */,
				75CFFEA91FB18C18000AABBE /* Products */,
			);
			sourceTree = "<group>";
		};
		75CFFEA91FB18C18000AABBE /* Products */ = {
			isa = PBXGroup;
			children = (
				75CFFEA81FB18C18000AABBE /* Unit converter.app */,
			);
			name = Products;
			sourceTree = "<group>";
		};
		75CFFEAA1FB18C18000AABBE /* Unit converter */ = {
			isa = PBXGroup;
			children = (
				75CFFEAB1FB18C18000AABBE /* AppDelegate.swift */,
				75CFFEAD1FB18C18000AABBE /* ViewController.swift */,
				75CFFEAF1FB18C18000AABBE /* Main.storyboard */,
				75CFFEB21FB18C18000AABBE /* Assets.xcassets */,
				75CFFEB41FB18C18000AABBE /* LaunchScreen.storyboard */,
				75CFFEB71FB18C18000AABBE /* Info.plist */,
			);
			path = "Unit converter";
			sourceTree = "<group>";
		};
/* End PBXGroup section */

/* Begin PBXNativeTarget section */
		75CFFEA71FB18C18000AABBE /* Unit converter */ = {
			isa = PBXNativeTarget;
			buildConfigurationList = 75CFFEBA1FB18C18000AABBE /* Build configuration list for PBXNativeTarget "Unit converter" */;
			buildPhases = (
				75CFFEA41FB18C18000AABBE /* Sources */,
				75CFFEA51FB18C18000AABBE /* Frameworks */,
				75CFFEA61FB18C18000AABBE /* Resources */,
			);
			buildRules = (
			);
			dependencies = (
			);
			name = "Unit converter";
			productName = "Unit converter";
			productReference = 75CFFEA81FB18C18000AABBE /* Unit converter.app */;
			productType = "com.apple.product-type.application";
		};
/* End PBXNativeTarget section */

/* Begin PBXProject section */
		75CFFEA01FB18C18000AABBE /* Project object */ = {
			isa = PBXProject;
			attributes = {
				LastSwiftUpdateCheck = 0910;
				LastUpgradeCheck = 0910;
				ORGANIZATIONNAME = "Vahid Ghanbarpour";
				TargetAttributes = {
					75CFFEA71FB18C18000AABBE = {
						CreatedOnToolsVersion = 9.1;
						ProvisioningStyle = Automatic;
					};
				};
			};
			buildConfigurationList = 75CFFEA31FB18C18000AABBE /* Build configuration list for PBXProject "Unit converter" */;
			compatibilityVersion = "Xcode 8.0";
			developmentRegion = en;
			hasScannedForEncodings = 0;
			knownRegions = (
				en,
				Base,
			);
			mainGroup = 75CFFE9F1FB18C18000AABBE;
			productRefGroup = 75CFFEA91FB18C18000AABBE /* Products */;
			projectDirPath = "";
			projectRoot = "";
			targets = (
				75CFFEA71FB18C18000AABBE /* Unit converter */,
			);
		};
/* End PBXProject section */

/* Begin PBXResourcesBuildPhase section */
		75CFFEA61FB18C18000AABBE /* Resources */ = {
			isa = PBXResourcesBuildPhase;
			buildActionMask = 2147483647;
			files = (
				75CFFEB61FB18C18000AABBE /* LaunchScreen.storyboard in Resources */,
				75CFFEB31FB18C18000AABBE /* Assets.xcassets in Resources */,
				75CFFEB11FB18C18000AABBE /* Main.storyboard in Resources */,
			);
			runOnlyForDeploymentPostprocessing = 0;
		};
/* End PBXResourcesBuildPhase section */

/* Begin PBXSourcesBuildPhase section */
		75CFFEA41FB18C18000AABBE /* Sources */ = {
			isa = PBXSourcesBuildPhase;
			buildActionMask = 2147483647;
			files = (
				75CFFEAE1FB18C18000AABBE /* ViewController.swift in Sources */,
				75CFFEAC1FB18C18000AABBE /* AppDelegate.swift in Sources */,
			);
			runOnlyForDeploymentPostprocessing = 0;
		};
/* End PBXSourcesBuildPhase section */

/* Begin PBXVariantGroup section */
		75CFFEAF1FB18C18000AABBE /* Main.storyboard */ = {
			isa = PBXVariantGroup;
			children = (
				75CFFEB01FB18C18000AABBE /* Base */,
			);
			name = Main.storyboard;
			sourceTree = "<group>";
		};
		75CFFEB41FB18C18000AABBE /* LaunchScreen.storyboard */ = {
			isa = PBXVariantGroup;
			children = (
				75CFFEB51FB18C18000AABBE /* Base */,
			);
			name = LaunchScreen.storyboard;
			sourceTree = "<group>";
		};
/* End PBXVariantGroup section */

/* Begin XCBuildConfiguration section */
		75CFFEB81FB18C18000AABBE /* Debug */ = {
			isa = XCBuildConfiguration;
			buildSettings = {
				ALWAYS_SEARCH_USER_PATHS = NO;
				CLANG_ANALYZER_NONNULL = YES;
				CLANG_ANALYZER_NUMBER_OBJECT_CONVERSION = YES_AGGRESSIVE;
				CLANG_CXX_LANGUAGE_STANDARD = "gnu++14";
				CLANG_CXX_LIBRARY = "libc++";
				CLANG_ENABLE_MODULES = YES;
				CLANG_ENABLE_OBJC_ARC = YES;
				CLANG_WARN_BLOCK_CAPTURE_AUTORELEASING = YES;
				CLANG_WARN_BOOL_CONVERSION = YES;
				CLANG_WARN_COMMA = YES;
				CLANG_WARN_CONSTANT_CONVERSION = YES;
				CLANG_WARN_DIRECT_OBJC_ISA_USAGE = YES_ERROR;
				CLANG_WARN_DOCUMENTATION_COMMENTS = YES;
				CLANG_WARN_EMPTY_BODY = YES;
				CLANG_WARN_ENUM_CONVERSION = YES;
				CLANG_WARN_INFINITE_RECURSION = YES;
				CLANG_WARN_INT_CONVERSION = YES;
				CLANG_WARN_NON_LITERAL_NULL_CONVERSION = YES;
				CLANG_WARN_OBJC_LITERAL_CONVERSION = YES;
				CLANG_WARN_OBJC_ROOT_CLASS = YES_ERROR;
				CLANG_WARN_RANGE_LOOP_ANALYSIS = YES;
				CLANG_WARN_STRICT_PROTOTYPES = YES;
				CLANG_WARN_SUSPICIOUS_MOVE = YES;
				CLANG_WARN_UNGUARDED_AVAILABILITY = YES_AGGRESSIVE;
				CLANG_WARN_UNREACHABLE_CODE = YES;
				CLANG_WARN__DUPLICATE_METHOD_MATCH = YES;
				CODE_SIGN_IDENTITY = "iPhone Developer";
				COPY_PHASE_STRIP = NO;
				DEBUG_INFORMATION_FORMAT = dwarf;
				ENABLE_STRICT_OBJC_MSGSEND = YES;
				ENABLE_TESTABILITY = YES;
				GCC_C_LANGUAGE_STANDARD = gnu11;
				GCC_DYNAMIC_NO_PIC = NO;
				GCC_NO_COMMON_BLOCKS = YES;
				GCC_OPTIMIZATION_LEVEL = 0;
				GCC_PREPROCESSOR_DEFINITIONS = (
					"DEBUG=1",
					"$(inherited)",
				);
				GCC_WARN_64_TO_32_BIT_CONVERSION = YES;
				GCC_WARN_ABOUT_RETURN_TYPE = YES_ERROR;
				GCC_WARN_UNDECLARED_SELECTOR = YES;
				GCC_WARN_UNINITIALIZED_AUTOS = YES_AGGRESSIVE;
				GCC_WARN_UNUSED_FUNCTION = YES;
				GCC_WARN_UNUSED_VARIABLE = YES;
				IPHONEOS_DEPLOYMENT_TARGET = 11.1;
				MTL_ENABLE_DEBUG_INFO = YES;
				ONLY_ACTIVE_ARCH = YES;
				SDKROOT = iphoneos;
				SWIFT_ACTIVE_COMPILATION_CONDITIONS = DEBUG;
				SWIFT_OPTIMIZATION_LEVEL = "-Onone";
			};
			name = Debug;
		};
		75CFFEB91FB18C18000AABBE /* Release */ = {
			isa = XCBuildConfiguration;
			buildSettings = {
				ALWAYS_SEARCH_USER_PATHS = NO;
				CLANG_ANALYZER_NONNULL = YES;
				CLANG_ANALYZER_NUMBER_OBJECT_CONVERSION = YES_AGGRESSIVE;
				CLANG_CXX_LANGUAGE_STANDARD = "gnu++14";
				CLANG_CXX_LIBRARY = "libc++";
				CLANG_ENABLE_MODULES = YES;
				CLANG_ENABLE_OBJC_ARC = YES;
				CLANG_WARN_BLOCK_CAPTURE_AUTORELEASING = YES;
				CLANG_WARN_BOOL_CONVERSION = YES;
				CLANG_WARN_COMMA = YES;
				CLANG_WARN_CONSTANT_CONVERSION = YES;
				CLANG_WARN_DIRECT_OBJC_ISA_USAGE = YES_ERROR;
				CLANG_WARN_DOCUMENTATION_COMMENTS = YES;
				CLANG_WARN_EMPTY_BODY = YES;
				CLANG_WARN_ENUM_CONVERSION = YES;
				CLANG_WARN_INFINITE_RECURSION = YES;
				CLANG_WARN_INT_CONVERSION = YES;
				CLANG_WARN_NON_LITERAL_NULL_CONVERSION = YES;
				CLANG_WARN_OBJC_LITERAL_CONVERSION = YES;
				CLANG_WARN_OBJC_ROOT_CLASS = YES_ERROR;
				CLANG_WARN_RANGE_LOOP_ANALYSIS = YES;
				CLANG_WARN_STRICT_PROTOTYPES = YES;
				CLANG_WARN_SUSPICIOUS_MOVE = YES;
				CLANG_WARN_UNGUARDED_AVAILABILITY = YES_AGGRESSIVE;
				CLANG_WARN_UNREACHABLE_CODE = YES;
				CLANG_WARN__DUPLICATE_METHOD_MATCH = YES;
				CODE_SIGN_IDENTITY = "iPhone Developer";
				COPY_PHASE_STRIP = NO;
				DEBUG_INFORMATION_FORMAT = "dwarf-with-dsym";
				ENABLE_NS_ASSERTIONS = NO;
				ENABLE_STRICT_OBJC_MSGSEND = YES;
				GCC_C_LANGUAGE_STANDARD = gnu11;
				GCC_NO_COMMON_BLOCKS = YES;
				GCC_WARN_64_TO_32_BIT_CONVERSION = YES;
				GCC_WARN_ABOUT_RETURN_TYPE = YES_ERROR;
				GCC_WARN_UNDECLARED_SELECTOR = YES;
				GCC_WARN_UNINITIALIZED_AUTOS = YES_AGGRESSIVE;
				GCC_WARN_UNUSED_FUNCTION = YES;
				GCC_WARN_UNUSED_VARIABLE = YES;
				IPHONEOS_DEPLOYMENT_TARGET = 11.1;
				MTL_ENABLE_DEBUG_INFO = NO;
				SDKROOT = iphoneos;
				SWIFT_OPTIMIZATION_LEVEL = "-Owholemodule";
				VALIDATE_PRODUCT = YES;
			};
			name = Release;
		};
		75CFFEBB1FB18C18000AABBE /* Debug */ = {
			isa = XCBuildConfiguration;
			buildSettings = {
				ASSETCATALOG_COMPILER_APPICON_NAME = AppIcon;
				CODE_SIGN_STYLE = Automatic;
				DEVELOPMENT_TEAM = W8U9KLFQF6;
				INFOPLIST_FILE = "Unit converter/Info.plist";
				LD_RUNPATH_SEARCH_PATHS = "$(inherited) @executable_path/Frameworks";
				PRODUCT_BUNDLE_IDENTIFIER = "vahidgr.Unit-converter";
				PRODUCT_NAME = "$(TARGET_NAME)";
				SWIFT_VERSION = 4.0;
				TARGETED_DEVICE_FAMILY = "1,2";
			};
			name = Debug;
		};
		75CFFEBC1FB18C18000AABBE /* Release */ = {
			isa = XCBuildConfiguration;
			buildSettings = {
				ASSETCATALOG_COMPILER_APPICON_NAME = AppIcon;
				CODE_SIGN_STYLE = Automatic;
				DEVELOPMENT_TEAM = W8U9KLFQF6;
				INFOPLIST_FILE = "Unit converter/Info.plist";
				LD_RUNPATH_SEARCH_PATHS = "$(inherited) @executable_path/Frameworks";
				PRODUCT_BUNDLE_IDENTIFIER = "vahidgr.Unit-converter";
				PRODUCT_NAME = "$(TARGET_NAME)";
				SWIFT_VERSION = 4.0;
				TARGETED_DEVICE_FAMILY = "1,2";
			};
			name = Release;
		};
/* End XCBuildConfiguration section */

/* Begin XCConfigurationList section */
		75CFFEA31FB18C18000AABBE /* Build configuration list for PBXProject "Unit converter" */ = {
			isa = XCConfigurationList;
			buildConfigurations = (
				75CFFEB81FB18C18000AABBE /* Debug */,
				75CFFEB91FB18C18000AABBE /* Release */,
			);
			defaultConfigurationIsVisible = 0;
			defaultConfigurationName = Release;
		};
		75CFFEBA1FB18C18000AABBE /* Build configuration list for PBXNativeTarget "Unit converter" */ = {
			isa = XCConfigurationList;
			buildConfigurations = (
				75CFFEBB1FB18C18000AABBE /* Debug */,
				75CFFEBC1FB18C18000AABBE /* Release */,
			);
			defaultConfigurationIsVisible = 0;
			defaultConfigurationName = Release;
		};
/* End XCConfigurationList section */
	};
	rootObject = 75CFFEA01FB18C18000AABBE /* Project object */;
}
